
Microsoft Visual Studio Solution File, Format Version 12.00
# Visual Studio Version 16
VisualStudioVersion = 16.0.31205.134
MinimumVisualStudioVersion = 10.0.40219.1
Project("{9A19103F-16F7-4668-BE54-9A1E7A4F7556}") = "STC.Customer.Api", "STC.Customer.Api\STC.Customer.Api.csproj", "{1426CD96-85FD-4460-B05A-81EA62B9FD2B}"
EndProject
Project("{9A19103F-16F7-4668-BE54-9A1E7A4F7556}") = "STC.Customer.Domain", "STC.Customer.Domain\STC.Customer.Domain.csproj", "{01EDADD2-135F-4AE9-BA87-CA54309F2C55}"
EndProject
Project("{9A19103F-16F7-4668-BE54-9A1E7A4F7556}") = "STC.Customer.Application", "STC.Customer.Application\STC.Customer.Application.csproj", "{5BAD4C88-1048-46B6-AEC6-FEA0C5B348C1}"
EndProject
Project("{2150E333-8FDC-42A3-9474-1A3956D46DE8}") = "NugetPackages", "NugetPackages", "{7AE796F0-80D3-4AA6-A36F-556D6D6D3C24}"
EndProject
Project("{9A19103F-16F7-4668-BE54-9A1E7A4F7556}") = "STC.Shared.Cqrs", "STC.Shared.Cqrs\STC.Shared.Cqrs.csproj", "{DFD7A25C-2DFF-4948-9738-33F4A0253938}"
EndProject
Project("{9A19103F-16F7-4668-BE54-9A1E7A4F7556}") = "STC.Customer.Infrastructure", "STC.Customer.Infrastructure\STC.Customer.Infrastructure.csproj", "{91AFA83A-6285-4058-8AA8-7D6E80840A9F}"
EndProject
Project("{9A19103F-16F7-4668-BE54-9A1E7A4F7556}") = "STC.Shared.Infrastructure", "STC.Shared.Infrastructure\STC.Shared.Infrastructure.csproj", "{EA90294C-C5F4-433D-AB66-1F6EA9FBEB56}"
EndProject
Project("{9A19103F-16F7-4668-BE54-9A1E7A4F7556}") = "STC.Shared.MassTransitBus", "STC.Shared.MassTransitBus\STC.Shared.MassTransitBus.csproj", "{47CF4A6D-A101-42BE-B782-EDF534B90287}"
EndProject
Project("{9A19103F-16F7-4668-BE54-9A1E7A4F7556}") = "STC.Customer.Job", "STC.Customer.Job\STC.Customer.Job.csproj", "{B868E809-886A-4F10-8F57-00912DCCA992}"
EndProject
Project("{2150E333-8FDC-42A3-9474-1A3956D46DE8}") = "AuthenticationService", "AuthenticationService", "{E23E16DB-17BB-4C28-A0BB-D2EA2AC5D269}"
EndProject
Project("{2150E333-8FDC-42A3-9474-1A3956D46DE8}") = "CustomerService", "CustomerService", "{D4239548-5504-499B-8E44-A3E7D877286B}"
EndProject
Project("{9A19103F-16F7-4668-BE54-9A1E7A4F7556}") = "STC.Authentication.Domain", "STC.Authentication.Domain\STC.Authentication.Domain.csproj", "{AC81B9C3-DC68-4C17-B0B2-4D7856E3CFE1}"
EndProject
Project("{9A19103F-16F7-4668-BE54-9A1E7A4F7556}") = "STC.Authentication.Infrastructure", "STC.Authentication.Infrastructure\STC.Authentication.Infrastructure.csproj", "{51E1EDB8-7466-41FD-8936-1C86EB988959}"
EndProject
Project("{9A19103F-16F7-4668-BE54-9A1E7A4F7556}") = "STC.Authentication.Application", "STC.Authentication.Application\STC.Authentication.Application.csproj", "{9BA13A5B-9B41-4C89-8B22-C8FF6E5743AE}"
EndProject
Project("{9A19103F-16F7-4668-BE54-9A1E7A4F7556}") = "STC.Authentication.Api", "STC.Authentication.Api\STC.Authentication.Api.csproj", "{85E04CF7-F616-48B8-A09E-17BF37BC416A}"
EndProject
Project("{2150E333-8FDC-42A3-9474-1A3956D46DE8}") = "Solution Items", "Solution Items", "{BD83433F-D1CB-48F5-B8E9-7F59A323141C}"
	ProjectSection(SolutionItems) = preProject
		Tests\STC Microservices.postman_collection.json = Tests\STC Microservices.postman_collection.json
	EndProjectSection
EndProject
Global
	GlobalSection(SolutionConfigurationPlatforms) = preSolution
		Debug|Any CPU = Debug|Any CPU
		Release|Any CPU = Release|Any CPU
	EndGlobalSection
	GlobalSection(ProjectConfigurationPlatforms) = postSolution
		{1426CD96-85FD-4460-B05A-81EA62B9FD2B}.Debug|Any CPU.ActiveCfg = Debug|Any CPU
		{1426CD96-85FD-4460-B05A-81EA62B9FD2B}.Debug|Any CPU.Build.0 = Debug|Any CPU
		{1426CD96-85FD-4460-B05A-81EA62B9FD2B}.Release|Any CPU.ActiveCfg = Release|Any CPU
		{1426CD96-85FD-4460-B05A-81EA62B9FD2B}.Release|Any CPU.Build.0 = Release|Any CPU
		{01EDADD2-135F-4AE9-BA87-CA54309F2C55}.Debug|Any CPU.ActiveCfg = Debug|Any CPU
		{01EDADD2-135F-4AE9-BA87-CA54309F2C55}.Debug|Any CPU.Build.0 = Debug|Any CPU
		{01EDADD2-135F-4AE9-BA87-CA54309F2C55}.Release|Any CPU.ActiveCfg = Release|Any CPU
		{01EDADD2-135F-4AE9-BA87-CA54309F2C55}.Release|Any CPU.Build.0 = Release|Any CPU
		{5BAD4C88-1048-46B6-AEC6-FEA0C5B348C1}.Debug|Any CPU.ActiveCfg = Debug|Any CPU
		{5BAD4C88-1048-46B6-AEC6-FEA0C5B348C1}.Debug|Any CPU.Build.0 = Debug|Any CPU
		{5BAD4C88-1048-46B6-AEC6-FEA0C5B348C1}.Release|Any CPU.ActiveCfg = Release|Any CPU
		{5BAD4C88-1048-46B6-AEC6-FEA0C5B348C1}.Release|Any CPU.Build.0 = Release|Any CPU
		{DFD7A25C-2DFF-4948-9738-33F4A0253938}.Debug|Any CPU.ActiveCfg = Debug|Any CPU
		{DFD7A25C-2DFF-4948-9738-33F4A0253938}.Debug|Any CPU.Build.0 = Debug|Any CPU
		{DFD7A25C-2DFF-4948-9738-33F4A0253938}.Release|Any CPU.ActiveCfg = Release|Any CPU
		{DFD7A25C-2DFF-4948-9738-33F4A0253938}.Release|Any CPU.Build.0 = Release|Any CPU
		{91AFA83A-6285-4058-8AA8-7D6E80840A9F}.Debug|Any CPU.ActiveCfg = Debug|Any CPU
		{91AFA83A-6285-4058-8AA8-7D6E80840A9F}.Debug|Any CPU.Build.0 = Debug|Any CPU
		{91AFA83A-6285-4058-8AA8-7D6E80840A9F}.Release|Any CPU.ActiveCfg = Release|Any CPU
		{91AFA83A-6285-4058-8AA8-7D6E80840A9F}.Release|Any CPU.Build.0 = Release|Any CPU
		{EA90294C-C5F4-433D-AB66-1F6EA9FBEB56}.Debug|Any CPU.ActiveCfg = Debug|Any CPU
		{EA90294C-C5F4-433D-AB66-1F6EA9FBEB56}.Debug|Any CPU.Build.0 = Debug|Any CPU
		{EA90294C-C5F4-433D-AB66-1F6EA9FBEB56}.Release|Any CPU.ActiveCfg = Release|Any CPU
		{EA90294C-C5F4-433D-AB66-1F6EA9FBEB56}.Release|Any CPU.Build.0 = Release|Any CPU
		{47CF4A6D-A101-42BE-B782-EDF534B90287}.Debug|Any CPU.ActiveCfg = Debug|Any CPU
		{47CF4A6D-A101-42BE-B782-EDF534B90287}.Debug|Any CPU.Build.0 = Debug|Any CPU
		{47CF4A6D-A101-42BE-B782-EDF534B90287}.Release|Any CPU.ActiveCfg = Release|Any CPU
		{47CF4A6D-A101-42BE-B782-EDF534B90287}.Release|Any CPU.Build.0 = Release|Any CPU
		{B868E809-886A-4F10-8F57-00912DCCA992}.Debug|Any CPU.ActiveCfg = Debug|Any CPU
		{B868E809-886A-4F10-8F57-00912DCCA992}.Debug|Any CPU.Build.0 = Debug|Any CPU
		{B868E809-886A-4F10-8F57-00912DCCA992}.Release|Any CPU.ActiveCfg = Release|Any CPU
		{B868E809-886A-4F10-8F57-00912DCCA992}.Release|Any CPU.Build.0 = Release|Any CPU
		{AC81B9C3-DC68-4C17-B0B2-4D7856E3CFE1}.Debug|Any CPU.ActiveCfg = Debug|Any CPU
		{AC81B9C3-DC68-4C17-B0B2-4D7856E3CFE1}.Debug|Any CPU.Build.0 = Debug|Any CPU
		{AC81B9C3-DC68-4C17-B0B2-4D7856E3CFE1}.Release|Any CPU.ActiveCfg = Release|Any CPU
		{AC81B9C3-DC68-4C17-B0B2-4D7856E3CFE1}.Release|Any CPU.Build.0 = Release|Any CPU
		{51E1EDB8-7466-41FD-8936-1C86EB988959}.Debug|Any CPU.ActiveCfg = Debug|Any CPU
		{51E1EDB8-7466-41FD-8936-1C86EB988959}.Debug|Any CPU.Build.0 = Debug|Any CPU
		{51E1EDB8-7466-41FD-8936-1C86EB988959}.Release|Any CPU.ActiveCfg = Release|Any CPU
		{51E1EDB8-7466-41FD-8936-1C86EB988959}.Release|Any CPU.Build.0 = Release|Any CPU
		{9BA13A5B-9B41-4C89-8B22-C8FF6E5743AE}.Debug|Any CPU.ActiveCfg = Debug|Any CPU
		{9BA13A5B-9B41-4C89-8B22-C8FF6E5743AE}.Debug|Any CPU.Build.0 = Debug|Any CPU
		{9BA13A5B-9B41-4C89-8B22-C8FF6E5743AE}.Release|Any CPU.ActiveCfg = Release|Any CPU
		{9BA13A5B-9B41-4C89-8B22-C8FF6E5743AE}.Release|Any CPU.Build.0 = Release|Any CPU
		{85E04CF7-F616-48B8-A09E-17BF37BC416A}.Debug|Any CPU.ActiveCfg = Debug|Any CPU
		{85E04CF7-F616-48B8-A09E-17BF37BC416A}.Debug|Any CPU.Build.0 = Debug|Any CPU
		{85E04CF7-F616-48B8-A09E-17BF37BC416A}.Release|Any CPU.ActiveCfg = Release|Any CPU
		{85E04CF7-F616-48B8-A09E-17BF37BC416A}.Release|Any CPU.Build.0 = Release|Any CPU
	EndGlobalSection
	GlobalSection(SolutionProperties) = preSolution
		HideSolutionNode = FALSE
	EndGlobalSection
	GlobalSection(NestedProjects) = preSolution
		{1426CD96-85FD-4460-B05A-81EA62B9FD2B} = {D4239548-5504-499B-8E44-A3E7D877286B}
		{01EDADD2-135F-4AE9-BA87-CA54309F2C55} = {D4239548-5504-499B-8E44-A3E7D877286B}
		{5BAD4C88-1048-46B6-AEC6-FEA0C5B348C1} = {D4239548-5504-499B-8E44-A3E7D877286B}
		{DFD7A25C-2DFF-4948-9738-33F4A0253938} = {7AE796F0-80D3-4AA6-A36F-556D6D6D3C24}
		{91AFA83A-6285-4058-8AA8-7D6E80840A9F} = {D4239548-5504-499B-8E44-A3E7D877286B}
		{EA90294C-C5F4-433D-AB66-1F6EA9FBEB56} = {7AE796F0-80D3-4AA6-A36F-556D6D6D3C24}
		{47CF4A6D-A101-42BE-B782-EDF534B90287} = {7AE796F0-80D3-4AA6-A36F-556D6D6D3C24}
		{B868E809-886A-4F10-8F57-00912DCCA992} = {D4239548-5504-499B-8E44-A3E7D877286B}
		{AC81B9C3-DC68-4C17-B0B2-4D7856E3CFE1} = {E23E16DB-17BB-4C28-A0BB-D2EA2AC5D269}
		{51E1EDB8-7466-41FD-8936-1C86EB988959} = {E23E16DB-17BB-4C28-A0BB-D2EA2AC5D269}
		{9BA13A5B-9B41-4C89-8B22-C8FF6E5743AE} = {E23E16DB-17BB-4C28-A0BB-D2EA2AC5D269}
		{85E04CF7-F616-48B8-A09E-17BF37BC416A} = {E23E16DB-17BB-4C28-A0BB-D2EA2AC5D269}
	EndGlobalSection
	GlobalSection(ExtensibilityGlobals) = postSolution
		SolutionGuid = {B305E924-CAF6-43FB-B911-FCC9B8DC2550}
	EndGlobalSection
EndGlobal
